
Microsoft Visual Studio Solution File, Format Version 12.00
# Visual Studio Version 17
VisualStudioVersion = 17.8.34330.188
MinimumVisualStudioVersion = 10.0.40219.1
Project("{9A19103F-16F7-4668-BE54-9A1E7A4F7556}") = "VillaBooking.Web", "VillaWeb\VillaBooking.Web.csproj", "{F7B24AA5-AA92-4EF0-88BD-18269A7849C8}"
EndProject
Project("{9A19103F-16F7-4668-BE54-9A1E7A4F7556}") = "VillaBooking.Domain", "Villa.Domain\VillaBooking.Domain.csproj", "{84083821-EC93-45FF-BCC5-365550297759}"
EndProject
Project("{9A19103F-16F7-4668-BE54-9A1E7A4F7556}") = "VillaBooking.Application", "Villa.Application\VillaBooking.Application.csproj", "{C2B621D0-506E-4BFF-A5DD-FBFA176741E7}"
EndProject
Project("{9A19103F-16F7-4668-BE54-9A1E7A4F7556}") = "VillaBooking.Infrastructure", "Villa.Infrastructure\VillaBooking.Infrastructure.csproj", "{0334B148-272C-4790-A15A-52FD9C5BEA14}"
EndProject
Global
	GlobalSection(SolutionConfigurationPlatforms) = preSolution
		Debug|Any CPU = Debug|Any CPU
		Release|Any CPU = Release|Any CPU
	EndGlobalSection
	GlobalSection(ProjectConfigurationPlatforms) = postSolution
		{F7B24AA5-AA92-4EF0-88BD-18269A7849C8}.Debug|Any CPU.ActiveCfg = Debug|Any CPU
		{F7B24AA5-AA92-4EF0-88BD-18269A7849C8}.Debug|Any CPU.Build.0 = Debug|Any CPU
		{F7B24AA5-AA92-4EF0-88BD-18269A7849C8}.Release|Any CPU.ActiveCfg = Release|Any CPU
		{F7B24AA5-AA92-4EF0-88BD-18269A7849C8}.Release|Any CPU.Build.0 = Release|Any CPU
		{84083821-EC93-45FF-BCC5-365550297759}.Debug|Any CPU.ActiveCfg = Debug|Any CPU
		{84083821-EC93-45FF-BCC5-365550297759}.Debug|Any CPU.Build.0 = Debug|Any CPU
		{84083821-EC93-45FF-BCC5-365550297759}.Release|Any CPU.ActiveCfg = Release|Any CPU
		{84083821-EC93-45FF-BCC5-365550297759}.Release|Any CPU.Build.0 = Release|Any CPU
		{C2B621D0-506E-4BFF-A5DD-FBFA176741E7}.Debug|Any CPU.ActiveCfg = Debug|Any CPU
		{C2B621D0-506E-4BFF-A5DD-FBFA176741E7}.Debug|Any CPU.Build.0 = Debug|Any CPU
		{C2B621D0-506E-4BFF-A5DD-FBFA176741E7}.Release|Any CPU.ActiveCfg = Release|Any CPU
		{C2B621D0-506E-4BFF-A5DD-FBFA176741E7}.Release|Any CPU.Build.0 = Release|Any CPU
		{0334B148-272C-4790-A15A-52FD9C5BEA14}.Debug|Any CPU.ActiveCfg = Debug|Any CPU
		{0334B148-272C-4790-A15A-52FD9C5BEA14}.Debug|Any CPU.Build.0 = Debug|Any CPU
		{0334B148-272C-4790-A15A-52FD9C5BEA14}.Release|Any CPU.ActiveCfg = Release|Any CPU
		{0334B148-272C-4790-A15A-52FD9C5BEA14}.Release|Any CPU.Build.0 = Release|Any CPU
	EndGlobalSection
	GlobalSection(SolutionProperties) = preSolution
		HideSolutionNode = FALSE
	EndGlobalSection
	GlobalSection(ExtensibilityGlobals) = postSolution
		SolutionGuid = {8514925B-57B0-48FC-8A78-0A8AD7B76E3A}
	EndGlobalSection
EndGlobal
